
Microsoft Visual Studio Solution File, Format Version 12.00
# Visual Studio Version 17
VisualStudioVersion = 17.0.32112.339
MinimumVisualStudioVersion = 10.0.40219.1
Project("{9A19103F-16F7-4668-BE54-9A1E7A4F7556}") = "SampleApp", "SampleApp\SampleApp.csproj", "{4D4B0ED2-294F-4674-A49C-9B5C04D310FF}"
EndProject
Project("{9A19103F-16F7-4668-BE54-9A1E7A4F7556}") = "PbsClientDotNet", "PbsClientDotNet\PbsClientDotNet.csproj", "{0868174E-33E4-4EA1-A614-A394D0CCA01D}"
EndProject
Global
	GlobalSection(SolutionConfigurationPlatforms) = preSolution
		Debug|Any CPU = Debug|Any CPU
		Release|Any CPU = Release|Any CPU
	EndGlobalSection
	GlobalSection(ProjectConfigurationPlatforms) = postSolution
		{4D4B0ED2-294F-4674-A49C-9B5C04D310FF}.Debug|Any CPU.ActiveCfg = Debug|Any CPU
		{4D4B0ED2-294F-4674-A49C-9B5C04D310FF}.Debug|Any CPU.Build.0 = Debug|Any CPU
		{4D4B0ED2-294F-4674-A49C-9B5C04D310FF}.Release|Any CPU.ActiveCfg = Release|Any CPU
		{4D4B0ED2-294F-4674-A49C-9B5C04D310FF}.Release|Any CPU.Build.0 = Release|Any CPU
		{0868174E-33E4-4EA1-A614-A394D0CCA01D}.Debug|Any CPU.ActiveCfg = Debug|Any CPU
		{0868174E-33E4-4EA1-A614-A394D0CCA01D}.Debug|Any CPU.Build.0 = Debug|Any CPU
		{0868174E-33E4-4EA1-A614-A394D0CCA01D}.Release|Any CPU.ActiveCfg = Release|Any CPU
		{0868174E-33E4-4EA1-A614-A394D0CCA01D}.Release|Any CPU.Build.0 = Release|Any CPU
	EndGlobalSection
	GlobalSection(SolutionProperties) = preSolution
		HideSolutionNode = FALSE
	EndGlobalSection
	GlobalSection(ExtensibilityGlobals) = postSolution
		SolutionGuid = {66F8BB3D-55E7-4E4D-B35D-547C491DCF95}
	EndGlobalSection
EndGlobal
